
Microsoft Visual Studio Solution File, Format Version 12.00
# Visual Studio Version 17
VisualStudioVersion = 17.11.35222.181
MinimumVisualStudioVersion = 10.0.40219.1
Project("{9A19103F-16F7-4668-BE54-9A1E7A4F7556}") = "EmployeeManager", "WebApplication1\EmployeeManager.csproj", "{4B1E70E5-2E35-4732-90B9-10C92AD7686F}"
EndProject
Global
	GlobalSection(SolutionConfigurationPlatforms) = preSolution
		Debug|Any CPU = Debug|Any CPU
		Release|Any CPU = Release|Any CPU
	EndGlobalSection
	GlobalSection(ProjectConfigurationPlatforms) = postSolution
		{4B1E70E5-2E35-4732-90B9-10C92AD7686F}.Debug|Any CPU.ActiveCfg = Debug|Any CPU
		{4B1E70E5-2E35-4732-90B9-10C92AD7686F}.Debug|Any CPU.Build.0 = Debug|Any CPU
		{4B1E70E5-2E35-4732-90B9-10C92AD7686F}.Release|Any CPU.ActiveCfg = Release|Any CPU
		{4B1E70E5-2E35-4732-90B9-10C92AD7686F}.Release|Any CPU.Build.0 = Release|Any CPU
	EndGlobalSection
	GlobalSection(SolutionProperties) = preSolution
		HideSolutionNode = FALSE
	EndGlobalSection
	GlobalSection(ExtensibilityGlobals) = postSolution
		SolutionGuid = {A72F27F7-72A5-4255-9454-08F6580E3C4B}
	EndGlobalSection
EndGlobal
